
Microsoft Visual Studio Solution File, Format Version 12.00
# Visual Studio 15
VisualStudioVersion = 15.0.27703.2047
MinimumVisualStudioVersion = 10.0.40219.1
Project("{FAE04EC0-301F-11D3-BF4B-00C04F79EFBC}") = "TestProject", "TestProject\TestProject.csproj", "{52F69F19-535F-4E5B-A0A1-748CA37BF56A}"
EndProject
Global
	GlobalSection(SolutionConfigurationPlatforms) = preSolution
		Debug|Any CPU = Debug|Any CPU
		Release|Any CPU = Release|Any CPU
	EndGlobalSection
	GlobalSection(ProjectConfigurationPlatforms) = postSolution
		{52F69F19-535F-4E5B-A0A1-748CA37BF56A}.Debug|Any CPU.ActiveCfg = Debug|Any CPU
		{52F69F19-535F-4E5B-A0A1-748CA37BF56A}.Debug|Any CPU.Build.0 = Debug|Any CPU
		{52F69F19-535F-4E5B-A0A1-748CA37BF56A}.Release|Any CPU.ActiveCfg = Release|Any CPU
		{52F69F19-535F-4E5B-A0A1-748CA37BF56A}.Release|Any CPU.Build.0 = Release|Any CPU
	EndGlobalSection
	GlobalSection(SolutionProperties) = preSolution
		HideSolutionNode = FALSE
	EndGlobalSection
	GlobalSection(ExtensibilityGlobals) = postSolution
		SolutionGuid = {EDEB33A3-3717-41B1-B3FE-DF601A749869}
	EndGlobalSection
EndGlobal
